// !$*UTF8*$!
{
	archiveVersion = 1;
	classes = {
	};
	objectVersion = 50;
	objects = {

/* Begin PBXBuildFile section */
		2509E7C8209461D70025E698 /* AppDelegate.swift in Sources */ = {isa = PBXBuildFile; fileRef = 2509E7C7209461D70025E698 /* AppDelegate.swift */; };
		2509E7CA209461D80025E698 /* ViewController.swift in Sources */ = {isa = PBXBuildFile; fileRef = 2509E7C9209461D80025E698 /* ViewController.swift */; };
		2509E7CD209461D80025E698 /* Main.storyboard in Resources */ = {isa = PBXBuildFile; fileRef = 2509E7CB209461D80025E698 /* Main.storyboard */; };
		2509E7CF209461D90025E698 /* Assets.xcassets in Resources */ = {isa = PBXBuildFile; fileRef = 2509E7CE209461D90025E698 /* Assets.xcassets */; };
		2509E7D2209461D90025E698 /* LaunchScreen.storyboard in Resources */ = {isa = PBXBuildFile; fileRef = 2509E7D0209461D90025E698 /* LaunchScreen.storyboard */; };
		25882AC5214D01B2009EA2E4 /* FHHSandboxTableViewCell.swift in Sources */ = {isa = PBXBuildFile; fileRef = 25882ABC214D01B2009EA2E4 /* FHHSandboxTableViewCell.swift */; };
		25882AC6214D01B2009EA2E4 /* UIViewController+FHHCustomerNavBar.swift in Sources */ = {isa = PBXBuildFile; fileRef = 25882ABD214D01B2009EA2E4 /* UIViewController+FHHCustomerNavBar.swift */; };
		25882AC7214D01B2009EA2E4 /* FHHSandboxViewModel.swift in Sources */ = {isa = PBXBuildFile; fileRef = 25882ABE214D01B2009EA2E4 /* FHHSandboxViewModel.swift */; };
		25882AC8214D01B2009EA2E4 /* FHHSandboxTableView.swift in Sources */ = {isa = PBXBuildFile; fileRef = 25882ABF214D01B2009EA2E4 /* FHHSandboxTableView.swift */; };
		25882AC9214D01B2009EA2E4 /* UIView+FHHFrmae.swift in Sources */ = {isa = PBXBuildFile; fileRef = 25882AC0214D01B2009EA2E4 /* UIView+FHHFrmae.swift */; };
		25882ACA214D01B2009EA2E4 /* FFHCommon.swift in Sources */ = {isa = PBXBuildFile; fileRef = 25882AC1214D01B2009EA2E4 /* FFHCommon.swift */; };
		25882ACB214D01B2009EA2E4 /* FHHSandboxAccessoryView.swift in Sources */ = {isa = PBXBuildFile; fileRef = 25882AC2214D01B2009EA2E4 /* FHHSandboxAccessoryView.swift */; };
		25882ACC214D01B2009EA2E4 /* UIDevice+FHH.swift in Sources */ = {isa = PBXBuildFile; fileRef = 25882AC3214D01B2009EA2E4 /* UIDevice+FHH.swift */; };
		25882ACD214D01B2009EA2E4 /* FHHSandboxViewController.swift in Sources */ = {isa = PBXBuildFile; fileRef = 25882AC4214D01B2009EA2E4 /* FHHSandboxViewController.swift */; };
/* End PBXBuildFile section */

/* Begin PBXFileReference section */
		2509E7C4209461D70025E698 /* Demo-Swift.app */ = {isa = PBXFileReference; explicitFileType = wrapper.application; includeInIndex = 0; path = "Demo-Swift.app"; sourceTree = BUILT_PRODUCTS_DIR; };
		2509E7C7209461D70025E698 /* AppDelegate.swift */ = {isa = PBXFileReference; lastKnownFileType = sourcecode.swift; path = AppDelegate.swift; sourceTree = "<group>"; };
		2509E7C9209461D80025E698 /* ViewController.swift */ = {isa = PBXFileReference; lastKnownFileType = sourcecode.swift; path = ViewController.swift; sourceTree = "<group>"; };
		2509E7CC209461D80025E698 /* Base */ = {isa = PBXFileReference; lastKnownFileType = file.storyboard; name = Base; path = Base.lproj/Main.storyboard; sourceTree = "<group>"; };
		2509E7CE209461D90025E698 /* Assets.xcassets */ = {isa = PBXFileReference; lastKnownFileType = folder.assetcatalog; path = Assets.xcassets; sourceTree = "<group>"; };
		2509E7D1209461D90025E698 /* Base */ = {isa = PBXFileReference; lastKnownFileType = file.storyboard; name = Base; path = Base.lproj/LaunchScreen.storyboard; sourceTree = "<group>"; };
		2509E7D3209461D90025E698 /* Info.plist */ = {isa = PBXFileReference; lastKnownFileType = text.plist.xml; path = Info.plist; sourceTree = "<group>"; };
		25882ABC214D01B2009EA2E4 /* FHHSandboxTableViewCell.swift */ = {isa = PBXFileReference; fileEncoding = 4; lastKnownFileType = sourcecode.swift; path = FHHSandboxTableViewCell.swift; sourceTree = "<group>"; };
		25882ABD214D01B2009EA2E4 /* UIViewController+FHHCustomerNavBar.swift */ = {isa = PBXFileReference; fileEncoding = 4; lastKnownFileType = sourcecode.swift; path = "UIViewController+FHHCustomerNavBar.swift"; sourceTree = "<group>"; };
		25882ABE214D01B2009EA2E4 /* FHHSandboxViewModel.swift */ = {isa = PBXFileReference; fileEncoding = 4; lastKnownFileType = sourcecode.swift; path = FHHSandboxViewModel.swift; sourceTree = "<group>"; };
		25882ABF214D01B2009EA2E4 /* FHHSandboxTableView.swift */ = {isa = PBXFileReference; fileEncoding = 4; lastKnownFileType = sourcecode.swift; path = FHHSandboxTableView.swift; sourceTree = "<group>"; };
		25882AC0214D01B2009EA2E4 /* UIView+FHHFrmae.swift */ = {isa = PBXFileReference; fileEncoding = 4; lastKnownFileType = sourcecode.swift; path = "UIView+FHHFrmae.swift"; sourceTree = "<group>"; };
		25882AC1214D01B2009EA2E4 /* FFHCommon.swift */ = {isa = PBXFileReference; fileEncoding = 4; lastKnownFileType = sourcecode.swift; path = FFHCommon.swift; sourceTree = "<group>"; };
		25882AC2214D01B2009EA2E4 /* FHHSandboxAccessoryView.swift */ = {isa = PBXFileReference; fileEncoding = 4; lastKnownFileType = sourcecode.swift; path = FHHSandboxAccessoryView.swift; sourceTree = "<group>"; };
		25882AC3214D01B2009EA2E4 /* UIDevice+FHH.swift */ = {isa = PBXFileReference; fileEncoding = 4; lastKnownFileType = sourcecode.swift; path = "UIDevice+FHH.swift"; sourceTree = "<group>"; };
		25882AC4214D01B2009EA2E4 /* FHHSandboxViewController.swift */ = {isa = PBXFileReference; fileEncoding = 4; lastKnownFileType = sourcecode.swift; path = FHHSandboxViewController.swift; sourceTree = "<group>"; };
/* End PBXFileReference section */

/* Begin PBXFrameworksBuildPhase section */
		2509E7C1209461D70025E698 /* Frameworks */ = {
			isa = PBXFrameworksBuildPhase;
			buildActionMask = 2147483647;
			files = (
			);
			runOnlyForDeploymentPostprocessing = 0;
		};
/* End PBXFrameworksBuildPhase section */

/* Begin PBXGroup section */
		2509E7BB209461D70025E698 = {
			isa = PBXGroup;
			children = (
				2509E7C6209461D70025E698 /* Demo-Swift */,
				2509E7C5209461D70025E698 /* Products */,
			);
			sourceTree = "<group>";
		};
		2509E7C5209461D70025E698 /* Products */ = {
			isa = PBXGroup;
			children = (
				2509E7C4209461D70025E698 /* Demo-Swift.app */,
			);
			name = Products;
			sourceTree = "<group>";
		};
		2509E7C6209461D70025E698 /* Demo-Swift */ = {
			isa = PBXGroup;
			children = (
				25882ABB214D01B2009EA2E4 /* FHHSandBoxViewer */,
				2509E7C7209461D70025E698 /* AppDelegate.swift */,
				2509E7C9209461D80025E698 /* ViewController.swift */,
				2509E7CB209461D80025E698 /* Main.storyboard */,
				2509E7CE209461D90025E698 /* Assets.xcassets */,
				2509E7D0209461D90025E698 /* LaunchScreen.storyboard */,
				2509E7D3209461D90025E698 /* Info.plist */,
			);
			path = "Demo-Swift";
			sourceTree = "<group>";
		};
		25882ABB214D01B2009EA2E4 /* FHHSandBoxViewer */ = {
			isa = PBXGroup;
			children = (
				25882ABC214D01B2009EA2E4 /* FHHSandboxTableViewCell.swift */,
				25882ABD214D01B2009EA2E4 /* UIViewController+FHHCustomerNavBar.swift */,
				25882ABE214D01B2009EA2E4 /* FHHSandboxViewModel.swift */,
				25882ABF214D01B2009EA2E4 /* FHHSandboxTableView.swift */,
				25882AC0214D01B2009EA2E4 /* UIView+FHHFrmae.swift */,
				25882AC1214D01B2009EA2E4 /* FFHCommon.swift */,
				25882AC2214D01B2009EA2E4 /* FHHSandboxAccessoryView.swift */,
				25882AC3214D01B2009EA2E4 /* UIDevice+FHH.swift */,
				25882AC4214D01B2009EA2E4 /* FHHSandboxViewController.swift */,
			);
			name = FHHSandBoxViewer;
			path = ../../FHHSandBoxViewer;
			sourceTree = "<group>";
		};
/* End PBXGroup section */

/* Begin PBXNativeTarget section */
		2509E7C3209461D70025E698 /* Demo-Swift */ = {
			isa = PBXNativeTarget;
			buildConfigurationList = 2509E7D6209461D90025E698 /* Build configuration list for PBXNativeTarget "Demo-Swift" */;
			buildPhases = (
				2509E7C0209461D70025E698 /* Sources */,
				2509E7C1209461D70025E698 /* Frameworks */,
				2509E7C2209461D70025E698 /* Resources */,
			);
			buildRules = (
			);
			dependencies = (
			);
			name = "Demo-Swift";
			productName = "Demo-Swift";
			productReference = 2509E7C4209461D70025E698 /* Demo-Swift.app */;
			productType = "com.apple.product-type.application";
		};
/* End PBXNativeTarget section */

/* Begin PBXProject section */
		2509E7BC209461D70025E698 /* Project object */ = {
			isa = PBXProject;
			attributes = {
				LastSwiftUpdateCheck = 0930;
				LastUpgradeCheck = 0930;
				ORGANIZATIONNAME = hefanghui;
				TargetAttributes = {
					2509E7C3209461D70025E698 = {
						CreatedOnToolsVersion = 9.3;
					};
				};
			};
			buildConfigurationList = 2509E7BF209461D70025E698 /* Build configuration list for PBXProject "Demo-Swift" */;
			compatibilityVersion = "Xcode 9.3";
			developmentRegion = en;
			hasScannedForEncodings = 0;
			knownRegions = (
				en,
				Base,
			);
			mainGroup = 2509E7BB209461D70025E698;
			productRefGroup = 2509E7C5209461D70025E698 /* Products */;
			projectDirPath = "";
			projectRoot = "";
			targets = (
				2509E7C3209461D70025E698 /* Demo-Swift */,
			);
		};
/* End PBXProject section */

/* Begin PBXResourcesBuildPhase section */
		2509E7C2209461D70025E698 /* Resources */ = {
			isa = PBXResourcesBuildPhase;
			buildActionMask = 2147483647;
			files = (
				2509E7D2209461D90025E698 /* LaunchScreen.storyboard in Resources */,
				2509E7CF209461D90025E698 /* Assets.xcassets in Resources */,
				2509E7CD209461D80025E698 /* Main.storyboard in Resources */,
			);
			runOnlyForDeploymentPostprocessing = 0;
		};
/* End PBXResourcesBuildPhase section */

/* Begin PBXSourcesBuildPhase section */
		2509E7C0209461D70025E698 /* Sources */ = {
			isa = PBXSourcesBuildPhase;
			buildActionMask = 2147483647;
			files = (
				25882AC8214D01B2009EA2E4 /* FHHSandboxTableView.swift in Sources */,
				2509E7CA209461D80025E698 /* ViewController.swift in Sources */,
				25882ACC214D01B2009EA2E4 /* UIDevice+FHH.swift in Sources */,
				25882AC7214D01B2009EA2E4 /* FHHSandboxViewModel.swift in Sources */,
				25882AC6214D01B2009EA2E4 /* UIViewController+FHHCustomerNavBar.swift in Sources */,
				25882AC9214D01B2009EA2E4 /* UIView+FHHFrmae.swift in Sources */,
				25882ACD214D01B2009EA2E4 /* FHHSandboxViewController.swift in Sources */,
				2509E7C8209461D70025E698 /* AppDelegate.swift in Sources */,
				25882ACB214D01B2009EA2E4 /* FHHSandboxAccessoryView.swift in Sources */,
				25882AC5214D01B2009EA2E4 /* FHHSandboxTableViewCell.swift in Sources */,
				25882ACA214D01B2009EA2E4 /* FFHCommon.swift in Sources */,
			);
			runOnlyForDeploymentPostprocessing = 0;
		};
/* End PBXSourcesBuildPhase section */

/* Begin PBXVariantGroup section */
		2509E7CB209461D80025E698 /* Main.storyboard */ = {
			isa = PBXVariantGroup;
			children = (
				2509E7CC209461D80025E698 /* Base */,
			);
			name = Main.storyboard;
			sourceTree = "<group>";
		};
		2509E7D0209461D90025E698 /* LaunchScreen.storyboard */ = {
			isa = PBXVariantGroup;
			children = (
				2509E7D1209461D90025E698 /* Base */,
			);
			name = LaunchScreen.storyboard;
			sourceTree = "<group>";
		};
/* End PBXVariantGroup section */

/* Begin XCBuildConfiguration section */
		2509E7D4209461D90025E698 /* Debug */ = {
			isa = XCBuildConfiguration;
			buildSettings = {
				ALWAYS_SEARCH_USER_PATHS = NO;
				CLANG_ANALYZER_NONNULL = YES;
				CLANG_ANALYZER_NUMBER_OBJECT_CONVERSION = YES_AGGRESSIVE;
				CLANG_CXX_LANGUAGE_STANDARD = "gnu++14";
				CLANG_CXX_LIBRARY = "libc++";
				CLANG_ENABLE_MODULES = YES;
				CLANG_ENABLE_OBJC_ARC = YES;
				CLANG_ENABLE_OBJC_WEAK = YES;
				CLANG_WARN_BLOCK_CAPTURE_AUTORELEASING = YES;
				CLANG_WARN_BOOL_CONVERSION = YES;
				CLANG_WARN_COMMA = YES;
				CLANG_WARN_CONSTANT_CONVERSION = YES;
				CLANG_WARN_DEPRECATED_OBJC_IMPLEMENTATIONS = YES;
				CLANG_WARN_DIRECT_OBJC_ISA_USAGE = YES_ERROR;
				CLANG_WARN_DOCUMENTATION_COMMENTS = YES;
				CLANG_WARN_EMPTY_BODY = YES;
				CLANG_WARN_ENUM_CONVERSION = YES;
				CLANG_WARN_INFINITE_RECURSION = YES;
				CLANG_WARN_INT_CONVERSION = YES;
				CLANG_WARN_NON_LITERAL_NULL_CONVERSION = YES;
				CLANG_WARN_OBJC_IMPLICIT_RETAIN_SELF = YES;
				CLANG_WARN_OBJC_LITERAL_CONVERSION = YES;
				CLANG_WARN_OBJC_ROOT_CLASS = YES_ERROR;
				CLANG_WARN_RANGE_LOOP_ANALYSIS = YES;
				CLANG_WARN_STRICT_PROTOTYPES = YES;
				CLANG_WARN_SUSPICIOUS_MOVE = YES;
				CLANG_WARN_UNGUARDED_AVAILABILITY = YES_AGGRESSIVE;
				CLANG_WARN_UNREACHABLE_CODE = YES;
				CLANG_WARN__DUPLICATE_METHOD_MATCH = YES;
				CODE_SIGN_IDENTITY = "iPhone Developer";
				COPY_PHASE_STRIP = NO;
				DEBUG_INFORMATION_FORMAT = dwarf;
				ENABLE_STRICT_OBJC_MSGSEND = YES;
				ENABLE_TESTABILITY = YES;
				GCC_C_LANGUAGE_STANDARD = gnu11;
				GCC_DYNAMIC_NO_PIC = NO;
				GCC_NO_COMMON_BLOCKS = YES;
				GCC_OPTIMIZATION_LEVEL = 0;
				GCC_PREPROCESSOR_DEFINITIONS = (
					"DEBUG=1",
					"$(inherited)",
				);
				GCC_WARN_64_TO_32_BIT_CONVERSION = YES;
				GCC_WARN_ABOUT_RETURN_TYPE = YES_ERROR;
				GCC_WARN_UNDECLARED_SELECTOR = YES;
				GCC_WARN_UNINITIALIZED_AUTOS = YES_AGGRESSIVE;
				GCC_WARN_UNUSED_FUNCTION = YES;
				GCC_WARN_UNUSED_VARIABLE = YES;
				IPHONEOS_DEPLOYMENT_TARGET = 11.3;
				MTL_ENABLE_DEBUG_INFO = YES;
				ONLY_ACTIVE_ARCH = YES;
				SDKROOT = iphoneos;
				SWIFT_ACTIVE_COMPILATION_CONDITIONS = DEBUG;
				SWIFT_OPTIMIZATION_LEVEL = "-Onone";
			};
			name = Debug;
		};
		2509E7D5209461D90025E698 /* Release */ = {
			isa = XCBuildConfiguration;
			buildSettings = {
				ALWAYS_SEARCH_USER_PATHS = NO;
				CLANG_ANALYZER_NONNULL = YES;
				CLANG_ANALYZER_NUMBER_OBJECT_CONVERSION = YES_AGGRESSIVE;
				CLANG_CXX_LANGUAGE_STANDARD = "gnu++14";
				CLANG_CXX_LIBRARY = "libc++";
				CLANG_ENABLE_MODULES = YES;
				CLANG_ENABLE_OBJC_ARC = YES;
				CLANG_ENABLE_OBJC_WEAK = YES;
				CLANG_WARN_BLOCK_CAPTURE_AUTORELEASING = YES;
				CLANG_WARN_BOOL_CONVERSION = YES;
				CLANG_WARN_COMMA = YES;
				CLANG_WARN_CONSTANT_CONVERSION = YES;
				CLANG_WARN_DEPRECATED_OBJC_IMPLEMENTATIONS = YES;
				CLANG_WARN_DIRECT_OBJC_ISA_USAGE = YES_ERROR;
				CLANG_WARN_DOCUMENTATION_COMMENTS = YES;
				CLANG_WARN_EMPTY_BODY = YES;
				CLANG_WARN_ENUM_CONVERSION = YES;
				CLANG_WARN_INFINITE_RECURSION = YES;
				CLANG_WARN_INT_CONVERSION = YES;
				CLANG_WARN_NON_LITERAL_NULL_CONVERSION = YES;
				CLANG_WARN_OBJC_IMPLICIT_RETAIN_SELF = YES;
				CLANG_WARN_OBJC_LITERAL_CONVERSION = YES;
				CLANG_WARN_OBJC_ROOT_CLASS = YES_ERROR;
				CLANG_WARN_RANGE_LOOP_ANALYSIS = YES;
				CLANG_WARN_STRICT_PROTOTYPES = YES;
				CLANG_WARN_SUSPICIOUS_MOVE = YES;
				CLANG_WARN_UNGUARDED_AVAILABILITY = YES_AGGRESSIVE;
				CLANG_WARN_UNREACHABLE_CODE = YES;
				CLANG_WARN__DUPLICATE_METHOD_MATCH = YES;
				CODE_SIGN_IDENTITY = "iPhone Developer";
				COPY_PHASE_STRIP = NO;
				DEBUG_INFORMATION_FORMAT = "dwarf-with-dsym";
				ENABLE_NS_ASSERTIONS = NO;
				ENABLE_STRICT_OBJC_MSGSEND = YES;
				GCC_C_LANGUAGE_STANDARD = gnu11;
				GCC_NO_COMMON_BLOCKS = YES;
				GCC_WARN_64_TO_32_BIT_CONVERSION = YES;
				GCC_WARN_ABOUT_RETURN_TYPE = YES_ERROR;
				GCC_WARN_UNDECLARED_SELECTOR = YES;
				GCC_WARN_UNINITIALIZED_AUTOS = YES_AGGRESSIVE;
				GCC_WARN_UNUSED_FUNCTION = YES;
				GCC_WARN_UNUSED_VARIABLE = YES;
				IPHONEOS_DEPLOYMENT_TARGET = 11.3;
				MTL_ENABLE_DEBUG_INFO = NO;
				SDKROOT = iphoneos;
				SWIFT_COMPILATION_MODE = wholemodule;
				SWIFT_OPTIMIZATION_LEVEL = "-O";
				VALIDATE_PRODUCT = YES;
			};
			name = Release;
		};
		2509E7D7209461D90025E698 /* Debug */ = {
			isa = XCBuildConfiguration;
			buildSettings = {
				ASSETCATALOG_COMPILER_APPICON_NAME = AppIcon;
				CODE_SIGN_STYLE = Manual;
				DEVELOPMENT_TEAM = "";
				INFOPLIST_FILE = "Demo-Swift/Info.plist";
				LD_RUNPATH_SEARCH_PATHS = (
					"$(inherited)",
					"@executable_path/Frameworks",
				);
				OTHER_SWIFT_FLAGS = "";
				PRODUCT_BUNDLE_IDENTIFIER = com.fhhe.Swift.FHHSandBoxViewerDemo;
				PRODUCT_NAME = "$(TARGET_NAME)";
				PROVISIONING_PROFILE_SPECIFIER = "";
				SWIFT_VERSION = 4.0;
				TARGETED_DEVICE_FAMILY = "1,2";
			};
			name = Debug;
		};
		2509E7D8209461D90025E698 /* Release */ = {
			isa = XCBuildConfiguration;
			buildSettings = {
				ASSETCATALOG_COMPILER_APPICON_NAME = AppIcon;
				CODE_SIGN_STYLE = Manual;
				DEVELOPMENT_TEAM = "";
				INFOPLIST_FILE = "Demo-Swift/Info.plist";
				LD_RUNPATH_SEARCH_PATHS = (
					"$(inherited)",
					"@executable_path/Frameworks",
				);
				OTHER_SWIFT_FLAGS = "";
				PRODUCT_BUNDLE_IDENTIFIER = com.fhhe.Swift.FHHSandBoxViewerDemo;
				PRODUCT_NAME = "$(TARGET_NAME)";
				PROVISIONING_PROFILE_SPECIFIER = "";
				SWIFT_VERSION = 4.0;
				TARGETED_DEVICE_FAMILY = "1,2";
			};
			name = Release;
		};
/* End XCBuildConfiguration section */

/* Begin XCConfigurationList section */
		2509E7BF209461D70025E698 /* Build configuration list for PBXProject "Demo-Swift" */ = {
			isa = XCConfigurationList;
			buildConfigurations = (
				2509E7D4209461D90025E698 /* Debug */,
				2509E7D5209461D90025E698 /* Release */,
			);
			defaultConfigurationIsVisible = 0;
			defaultConfigurationName = Release;
		};
		2509E7D6209461D90025E698 /* Build configuration list for PBXNativeTarget "Demo-Swift" */ = {
			isa = XCConfigurationList;
			buildConfigurations = (
				2509E7D7209461D90025E698 /* Debug */,
				2509E7D8209461D90025E698 /* Release */,
			);
			defaultConfigurationIsVisible = 0;
			defaultConfigurationName = Release;
		};
/* End XCConfigurationList section */
	};
	rootObject = 2509E7BC209461D70025E698 /* Project object */;
}
